
Microsoft Visual Studio Solution File, Format Version 12.00
# Visual Studio Version 17
VisualStudioVersion = 17.11.35327.3
MinimumVisualStudioVersion = 10.0.40219.1
Project("{9A19103F-16F7-4668-BE54-9A1E7A4F7556}") = "SignalRClient", "SignalRClient\SignalRClient.csproj", "{2FFA9E4C-35E5-4007-852E-87CA20EF5FF4}"
EndProject
Project("{9A19103F-16F7-4668-BE54-9A1E7A4F7556}") = "SignalRServer", "SignalRServer\SignalRServer.csproj", "{213A1159-7C65-4C63-B593-6C0E7FFEE98F}"
EndProject
Global
	GlobalSection(SolutionConfigurationPlatforms) = preSolution
		Debug|Any CPU = Debug|Any CPU
		Release|Any CPU = Release|Any CPU
	EndGlobalSection
	GlobalSection(ProjectConfigurationPlatforms) = postSolution
		{2FFA9E4C-35E5-4007-852E-87CA20EF5FF4}.Debug|Any CPU.ActiveCfg = Debug|Any CPU
		{2FFA9E4C-35E5-4007-852E-87CA20EF5FF4}.Debug|Any CPU.Build.0 = Debug|Any CPU
		{2FFA9E4C-35E5-4007-852E-87CA20EF5FF4}.Release|Any CPU.ActiveCfg = Release|Any CPU
		{2FFA9E4C-35E5-4007-852E-87CA20EF5FF4}.Release|Any CPU.Build.0 = Release|Any CPU
		{213A1159-7C65-4C63-B593-6C0E7FFEE98F}.Debug|Any CPU.ActiveCfg = Debug|Any CPU
		{213A1159-7C65-4C63-B593-6C0E7FFEE98F}.Debug|Any CPU.Build.0 = Debug|Any CPU
		{213A1159-7C65-4C63-B593-6C0E7FFEE98F}.Release|Any CPU.ActiveCfg = Release|Any CPU
		{213A1159-7C65-4C63-B593-6C0E7FFEE98F}.Release|Any CPU.Build.0 = Release|Any CPU
	EndGlobalSection
	GlobalSection(SolutionProperties) = preSolution
		HideSolutionNode = FALSE
	EndGlobalSection
	GlobalSection(ExtensibilityGlobals) = postSolution
		SolutionGuid = {89E5CAC0-8BD6-4C2C-844D-737990E5C72E}
	EndGlobalSection
EndGlobal
